{
  "name": "jenkins-101",
  "lockfileVersion": 2,
  "requires": true,
  "packages": {
    "": {
      "devDependencies": {
        "prettier-plugin-groovy": "^0.2.0"
      }
    },
    "node_modules/prettier": {
      "version": "3.3.3",
      "resolved": "https://registry.npmjs.org/prettier/-/prettier-3.3.3.tgz",
      "integrity": "sha512-i2tDNA0O5IrMO757lfrdQZCc2jPNDVntV0m/+4whiDfWaTKfMNgR7Qz0NAeGz/nRqF4m5/6CLzbP4/liHt12Ew==",
      "dev": true,
      "peer": true,
      "bin": {
        "prettier": "bin/prettier.cjs"
      },
      "engines": {
        "node": ">=14"
      },
      "funding": {
        "url": "https://github.com/prettier/prettier?sponsor=1"
      }
    },
    "node_modules/prettier-plugin-groovy": {
      "version": "0.2.0",
      "resolved": "https://registry.npmjs.org/prettier-plugin-groovy/-/prettier-plugin-groovy-0.2.0.tgz",
      "integrity": "sha512-K/a+4S8EwF/h7OHIDDHXypUf8u9Fmq1LXQwVwD9aOMbVXXCXLVKTzkZxeRViKA+rNppPDFB9NmLPhOetVE5DEQ==",
      "dev": true,
      "engines": {
        "node": "^18.12.0 || ^20.0.0"
      },
      "peerDependencies": {
        "prettier": "^3.0.0"
      }
    }
  },
  "dependencies": {
    "prettier": {
      "version": "3.3.3",
      "resolved": "https://registry.npmjs.org/prettier/-/prettier-3.3.3.tgz",
      "integrity": "sha512-i2tDNA0O5IrMO757lfrdQZCc2jPNDVntV0m/+4whiDfWaTKfMNgR7Qz0NAeGz/nRqF4m5/6CLzbP4/liHt12Ew==",
      "dev": true,
      "peer": true
    },
    "prettier-plugin-groovy": {
      "version": "0.2.0",
      "resolved": "https://registry.npmjs.org/prettier-plugin-groovy/-/prettier-plugin-groovy-0.2.0.tgz",
      "integrity": "sha512-K/a+4S8EwF/h7OHIDDHXypUf8u9Fmq1LXQwVwD9aOMbVXXCXLVKTzkZxeRViKA+rNppPDFB9NmLPhOetVE5DEQ==",
      "dev": true,
      "requires": {}
    }
  }
}
